Microsoft Visual Studio Solution File, Format Version 11.00
# Visual Studio 2008

Project("{EA829256-1E5A-4902-09D7-A54DA0893351}") = "BloodMage", "Assembly-CSharp-vs.csproj", "{D1748486-F053-6982-3BCB-7FAEA997DE33}"
EndProject
Project("{EA829256-1E5A-4902-09D7-A54DA0893351}") = "BloodMage", "Assembly-CSharp-Editor-vs.csproj", "{4FB4C975-4E6E-B24D-0848-2E19D7CF6943}"
EndProject
Global
	GlobalSection(SolutionConfigurationPlatforms) = preSolution
		Debug|Any CPU = Debug|Any CPU
		Release|Any CPU = Release|Any CPU
	EndGlobalSection
	GlobalSection(ProjectConfigurationPlatforms) = postSolution
		{D1748486-F053-6982-3BCB-7FAEA997DE33}.Debug|Any CPU.ActiveCfg = Debug|Any CPU
		{D1748486-F053-6982-3BCB-7FAEA997DE33}.Debug|Any CPU.Build.0 = Debug|Any CPU
		{D1748486-F053-6982-3BCB-7FAEA997DE33}.Release|Any CPU.ActiveCfg = Release|Any CPU
		{D1748486-F053-6982-3BCB-7FAEA997DE33}.Release|Any CPU.Build.0 = Release|Any CPU
		{4FB4C975-4E6E-B24D-0848-2E19D7CF6943}.Debug|Any CPU.ActiveCfg = Debug|Any CPU
		{4FB4C975-4E6E-B24D-0848-2E19D7CF6943}.Debug|Any CPU.Build.0 = Debug|Any CPU
		{4FB4C975-4E6E-B24D-0848-2E19D7CF6943}.Release|Any CPU.ActiveCfg = Release|Any CPU
		{4FB4C975-4E6E-B24D-0848-2E19D7CF6943}.Release|Any CPU.Build.0 = Release|Any CPU
	EndGlobalSection
	GlobalSection(SolutionProperties) = preSolution
		HideSolutionNode = FALSE
	EndGlobalSection
																																																				GlobalSection(MonoDevelopProperties) = preSolution
		StartupItem = Assembly-CSharp.csproj
		Policies = $0
		$0.TextStylePolicy = $1
		$1.inheritsSet = null
		$1.scope = text/x-csharp
		$0.CSharpFormattingPolicy = $2
		$2.inheritsSet = Mono
		$2.inheritsScope = text/x-csharp
		$2.scope = text/x-csharp
		$0.TextStylePolicy = $3
		$3.FileWidth = 120
		$3.TabWidth = 4
		$3.IndentWidth = 4
		$3.EolMarker = Unix
		$3.inheritsSet = Mono
		$3.inheritsScope = text/plain
		$3.scope = text/plain
	EndGlobalSection

EndGlobal
